
Microsoft Visual Studio Solution File, Format Version 12.00
# Visual Studio Version 17
VisualStudioVersion = 17.4.33213.308
MinimumVisualStudioVersion = 10.0.40219.1
Project("{FAE04EC0-301F-11D3-BF4B-00C04F79EFBC}") = "PW0", "PW0\PW0.csproj", "{960E9052-DEC4-4659-8114-7113C09BF54D}"
EndProject
Global
	GlobalSection(SolutionConfigurationPlatforms) = preSolution
		Debug|Any CPU = Debug|Any CPU
		Release|Any CPU = Release|Any CPU
	EndGlobalSection
	GlobalSection(ProjectConfigurationPlatforms) = postSolution
		{960E9052-DEC4-4659-8114-7113C09BF54D}.Debug|Any CPU.ActiveCfg = Debug|Any CPU
		{960E9052-DEC4-4659-8114-7113C09BF54D}.Debug|Any CPU.Build.0 = Debug|Any CPU
		{960E9052-DEC4-4659-8114-7113C09BF54D}.Release|Any CPU.ActiveCfg = Release|Any CPU
		{960E9052-DEC4-4659-8114-7113C09BF54D}.Release|Any CPU.Build.0 = Release|Any CPU
	EndGlobalSection
	GlobalSection(SolutionProperties) = preSolution
		HideSolutionNode = FALSE
	EndGlobalSection
	GlobalSection(ExtensibilityGlobals) = postSolution
		SolutionGuid = {3B38739C-7E23-42D4-A06F-3F47723A0D7B}
	EndGlobalSection
EndGlobal
